// !$*UTF8*$!
{
	archiveVersion = 1;
	classes = {
	};
	objectVersion = 46;
	objects = {

/* Begin PBXBuildFile section */
		EED348E51EC9814E0079E2AB /* Poney.swift in Sources */ = {isa = PBXBuildFile; fileRef = EED348E41EC9814E0079E2AB /* Poney.swift */; };
		EED348E71EC9826A0079E2AB /* enclos.swift in Sources */ = {isa = PBXBuildFile; fileRef = EED348E61EC9826A0079E2AB /* enclos.swift */; };
		EED348E91EC9D5770079E2AB /* PoneysTableViewController.swift in Sources */ = {isa = PBXBuildFile; fileRef = EED348E81EC9D5770079E2AB /* PoneysTableViewController.swift */; };
		EEEBF35A1E8031470078EFF9 /* AppDelegate.swift in Sources */ = {isa = PBXBuildFile; fileRef = EEEBF3591E8031470078EFF9 /* AppDelegate.swift */; };
		EEEBF35C1E8031470078EFF9 /* ViewController.swift in Sources */ = {isa = PBXBuildFile; fileRef = EEEBF35B1E8031470078EFF9 /* ViewController.swift */; };
		EEEBF35F1E8031470078EFF9 /* Main.storyboard in Resources */ = {isa = PBXBuildFile; fileRef = EEEBF35D1E8031470078EFF9 /* Main.storyboard */; };
		EEEBF3611E8031470078EFF9 /* Assets.xcassets in Resources */ = {isa = PBXBuildFile; fileRef = EEEBF3601E8031470078EFF9 /* Assets.xcassets */; };
		EEEBF3641E8031470078EFF9 /* LaunchScreen.storyboard in Resources */ = {isa = PBXBuildFile; fileRef = EEEBF3621E8031470078EFF9 /* LaunchScreen.storyboard */; };
/* End PBXBuildFile section */

/* Begin PBXFileReference section */
		EED348E41EC9814E0079E2AB /* Poney.swift */ = {isa = PBXFileReference; fileEncoding = 4; lastKnownFileType = sourcecode.swift; path = Poney.swift; sourceTree = "<group>"; };
		EED348E61EC9826A0079E2AB /* enclos.swift */ = {isa = PBXFileReference; fileEncoding = 4; lastKnownFileType = sourcecode.swift; path = enclos.swift; sourceTree = "<group>"; };
		EED348E81EC9D5770079E2AB /* PoneysTableViewController.swift */ = {isa = PBXFileReference; fileEncoding = 4; lastKnownFileType = sourcecode.swift; path = PoneysTableViewController.swift; sourceTree = "<group>"; };
		EEEBF3561E8031470078EFF9 /* PoneyManager.app */ = {isa = PBXFileReference; explicitFileType = wrapper.application; includeInIndex = 0; path = PoneyManager.app; sourceTree = BUILT_PRODUCTS_DIR; };
		EEEBF3591E8031470078EFF9 /* AppDelegate.swift */ = {isa = PBXFileReference; lastKnownFileType = sourcecode.swift; path = AppDelegate.swift; sourceTree = "<group>"; };
		EEEBF35B1E8031470078EFF9 /* ViewController.swift */ = {isa = PBXFileReference; lastKnownFileType = sourcecode.swift; path = ViewController.swift; sourceTree = "<group>"; };
		EEEBF35E1E8031470078EFF9 /* Base */ = {isa = PBXFileReference; lastKnownFileType = file.storyboard; name = Base; path = Base.lproj/Main.storyboard; sourceTree = "<group>"; };
		EEEBF3601E8031470078EFF9 /* Assets.xcassets */ = {isa = PBXFileReference; lastKnownFileType = folder.assetcatalog; path = Assets.xcassets; sourceTree = "<group>"; };
		EEEBF3631E8031470078EFF9 /* Base */ = {isa = PBXFileReference; lastKnownFileType = file.storyboard; name = Base; path = Base.lproj/LaunchScreen.storyboard; sourceTree = "<group>"; };
		EEEBF3651E8031470078EFF9 /* Info.plist */ = {isa = PBXFileReference; lastKnownFileType = text.plist.xml; path = Info.plist; sourceTree = "<group>"; };
/* End PBXFileReference section */

/* Begin PBXFrameworksBuildPhase section */
		EEEBF3531E8031460078EFF9 /* Frameworks */ = {
			isa = PBXFrameworksBuildPhase;
			buildActionMask = 2147483647;
			files = (
			);
			runOnlyForDeploymentPostprocessing = 0;
		};
/* End PBXFrameworksBuildPhase section */

/* Begin PBXGroup section */
		EEEBF34D1E8031460078EFF9 = {
			isa = PBXGroup;
			children = (
				EEEBF3581E8031470078EFF9 /* PoneyManager */,
				EEEBF3571E8031470078EFF9 /* Products */,
			);
			sourceTree = "<group>";
		};
		EEEBF3571E8031470078EFF9 /* Products */ = {
			isa = PBXGroup;
			children = (
				EEEBF3561E8031470078EFF9 /* PoneyManager.app */,
			);
			name = Products;
			sourceTree = "<group>";
		};
		EEEBF3581E8031470078EFF9 /* PoneyManager */ = {
			isa = PBXGroup;
			children = (
				EEEBF3591E8031470078EFF9 /* AppDelegate.swift */,
				EEEBF35B1E8031470078EFF9 /* ViewController.swift */,
				EEEBF35D1E8031470078EFF9 /* Main.storyboard */,
				EED348E81EC9D5770079E2AB /* PoneysTableViewController.swift */,
				EEEBF3601E8031470078EFF9 /* Assets.xcassets */,
				EEEBF3621E8031470078EFF9 /* LaunchScreen.storyboard */,
				EEEBF3651E8031470078EFF9 /* Info.plist */,
				EED348E41EC9814E0079E2AB /* Poney.swift */,
				EED348E61EC9826A0079E2AB /* enclos.swift */,
			);
			path = PoneyManager;
			sourceTree = "<group>";
		};
/* End PBXGroup section */

/* Begin PBXNativeTarget section */
		EEEBF3551E8031460078EFF9 /* PoneyManager */ = {
			isa = PBXNativeTarget;
			buildConfigurationList = EEEBF3681E8031470078EFF9 /* Build configuration list for PBXNativeTarget "PoneyManager" */;
			buildPhases = (
				EEEBF3521E8031460078EFF9 /* Sources */,
				EEEBF3531E8031460078EFF9 /* Frameworks */,
				EEEBF3541E8031460078EFF9 /* Resources */,
			);
			buildRules = (
			);
			dependencies = (
			);
			name = PoneyManager;
			productName = PoneyManager;
			productReference = EEEBF3561E8031470078EFF9 /* PoneyManager.app */;
			productType = "com.apple.product-type.application";
		};
/* End PBXNativeTarget section */

/* Begin PBXProject section */
		EEEBF34E1E8031460078EFF9 /* Project object */ = {
			isa = PBXProject;
			attributes = {
				LastSwiftUpdateCheck = 0820;
				LastUpgradeCheck = 0820;
				ORGANIZATIONNAME = "ESTRACH Quentin";
				TargetAttributes = {
					EEEBF3551E8031460078EFF9 = {
						CreatedOnToolsVersion = 8.2.1;
						ProvisioningStyle = Automatic;
					};
				};
			};
			buildConfigurationList = EEEBF3511E8031460078EFF9 /* Build configuration list for PBXProject "PoneyManager" */;
			compatibilityVersion = "Xcode 3.2";
			developmentRegion = English;
			hasScannedForEncodings = 0;
			knownRegions = (
				en,
				Base,
			);
			mainGroup = EEEBF34D1E8031460078EFF9;
			productRefGroup = EEEBF3571E8031470078EFF9 /* Products */;
			projectDirPath = "";
			projectRoot = "";
			targets = (
				EEEBF3551E8031460078EFF9 /* PoneyManager */,
			);
		};
/* End PBXProject section */

/* Begin PBXResourcesBuildPhase section */
		EEEBF3541E8031460078EFF9 /* Resources */ = {
			isa = PBXResourcesBuildPhase;
			buildActionMask = 2147483647;
			files = (
				EEEBF3641E8031470078EFF9 /* LaunchScreen.storyboard in Resources */,
				EEEBF3611E8031470078EFF9 /* Assets.xcassets in Resources */,
				EEEBF35F1E8031470078EFF9 /* Main.storyboard in Resources */,
			);
			runOnlyForDeploymentPostprocessing = 0;
		};
/* End PBXResourcesBuildPhase section */

/* Begin PBXSourcesBuildPhase section */
		EEEBF3521E8031460078EFF9 /* Sources */ = {
			isa = PBXSourcesBuildPhase;
			buildActionMask = 2147483647;
			files = (
				EED348E91EC9D5770079E2AB /* PoneysTableViewController.swift in Sources */,
				EEEBF35C1E8031470078EFF9 /* ViewController.swift in Sources */,
				EED348E51EC9814E0079E2AB /* Poney.swift in Sources */,
				EEEBF35A1E8031470078EFF9 /* AppDelegate.swift in Sources */,
				EED348E71EC9826A0079E2AB /* enclos.swift in Sources */,
			);
			runOnlyForDeploymentPostprocessing = 0;
		};
/* End PBXSourcesBuildPhase section */

/* Begin PBXVariantGroup section */
		EEEBF35D1E8031470078EFF9 /* Main.storyboard */ = {
			isa = PBXVariantGroup;
			children = (
				EEEBF35E1E8031470078EFF9 /* Base */,
			);
			name = Main.storyboard;
			sourceTree = "<group>";
		};
		EEEBF3621E8031470078EFF9 /* LaunchScreen.storyboard */ = {
			isa = PBXVariantGroup;
			children = (
				EEEBF3631E8031470078EFF9 /* Base */,
			);
			name = LaunchScreen.storyboard;
			sourceTree = "<group>";
		};
/* End PBXVariantGroup section */

/* Begin XCBuildConfiguration section */
		EEEBF3661E8031470078EFF9 /* Debug */ = {
			isa = XCBuildConfiguration;
			buildSettings = {
				ALWAYS_SEARCH_USER_PATHS = NO;
				CLANG_ANALYZER_NONNULL = YES;
				CLANG_CXX_LANGUAGE_STANDARD = "gnu++0x";
				CLANG_CXX_LIBRARY = "libc++";
				CLANG_ENABLE_MODULES = YES;
				CLANG_ENABLE_OBJC_ARC = YES;
				CLANG_WARN_BOOL_CONVERSION = YES;
				CLANG_WARN_CONSTANT_CONVERSION = YES;
				CLANG_WARN_DIRECT_OBJC_ISA_USAGE = YES_ERROR;
				CLANG_WARN_DOCUMENTATION_COMMENTS = YES;
				CLANG_WARN_EMPTY_BODY = YES;
				CLANG_WARN_ENUM_CONVERSION = YES;
				CLANG_WARN_INFINITE_RECURSION = YES;
				CLANG_WARN_INT_CONVERSION = YES;
				CLANG_WARN_OBJC_ROOT_CLASS = YES_ERROR;
				CLANG_WARN_SUSPICIOUS_MOVE = YES;
				CLANG_WARN_UNREACHABLE_CODE = YES;
				CLANG_WARN__DUPLICATE_METHOD_MATCH = YES;
				"CODE_SIGN_IDENTITY[sdk=iphoneos*]" = "iPhone Developer";
				COPY_PHASE_STRIP = NO;
				DEBUG_INFORMATION_FORMAT = dwarf;
				ENABLE_STRICT_OBJC_MSGSEND = YES;
				ENABLE_TESTABILITY = YES;
				GCC_C_LANGUAGE_STANDARD = gnu99;
				GCC_DYNAMIC_NO_PIC = NO;
				GCC_NO_COMMON_BLOCKS = YES;
				GCC_OPTIMIZATION_LEVEL = 0;
				GCC_PREPROCESSOR_DEFINITIONS = (
					"DEBUG=1",
					"$(inherited)",
				);
				GCC_WARN_64_TO_32_BIT_CONVERSION = YES;
				GCC_WARN_ABOUT_RETURN_TYPE = YES_ERROR;
				GCC_WARN_UNDECLARED_SELECTOR = YES;
				GCC_WARN_UNINITIALIZED_AUTOS = YES_AGGRESSIVE;
				GCC_WARN_UNUSED_FUNCTION = YES;
				GCC_WARN_UNUSED_VARIABLE = YES;
				IPHONEOS_DEPLOYMENT_TARGET = 10.2;
				MTL_ENABLE_DEBUG_INFO = YES;
				ONLY_ACTIVE_ARCH = YES;
				SDKROOT = iphoneos;
				SWIFT_ACTIVE_COMPILATION_CONDITIONS = DEBUG;
				SWIFT_OPTIMIZATION_LEVEL = "-Onone";
				TARGETED_DEVICE_FAMILY = "1,2";
			};
			name = Debug;
		};
		EEEBF3671E8031470078EFF9 /* Release */ = {
			isa = XCBuildConfiguration;
			buildSettings = {
				ALWAYS_SEARCH_USER_PATHS = NO;
				CLANG_ANALYZER_NONNULL = YES;
				CLANG_CXX_LANGUAGE_STANDARD = "gnu++0x";
				CLANG_CXX_LIBRARY = "libc++";
				CLANG_ENABLE_MODULES = YES;
				CLANG_ENABLE_OBJC_ARC = YES;
				CLANG_WARN_BOOL_CONVERSION = YES;
				CLANG_WARN_CONSTANT_CONVERSION = YES;
				CLANG_WARN_DIRECT_OBJC_ISA_USAGE = YES_ERROR;
				CLANG_WARN_DOCUMENTATION_COMMENTS = YES;
				CLANG_WARN_EMPTY_BODY = YES;
				CLANG_WARN_ENUM_CONVERSION = YES;
				CLANG_WARN_INFINITE_RECURSION = YES;
				CLANG_WARN_INT_CONVERSION = YES;
				CLANG_WARN_OBJC_ROOT_CLASS = YES_ERROR;
				CLANG_WARN_SUSPICIOUS_MOVE = YES;
				CLANG_WARN_UNREACHABLE_CODE = YES;
				CLANG_WARN__DUPLICATE_METHOD_MATCH = YES;
				"CODE_SIGN_IDENTITY[sdk=iphoneos*]" = "iPhone Developer";
				COPY_PHASE_STRIP = NO;
				DEBUG_INFORMATION_FORMAT = "dwarf-with-dsym";
				ENABLE_NS_ASSERTIONS = NO;
				ENABLE_STRICT_OBJC_MSGSEND = YES;
				GCC_C_LANGUAGE_STANDARD = gnu99;
				GCC_NO_COMMON_BLOCKS = YES;
				GCC_WARN_64_TO_32_BIT_CONVERSION = YES;
				GCC_WARN_ABOUT_RETURN_TYPE = YES_ERROR;
				GCC_WARN_UNDECLARED_SELECTOR = YES;
				GCC_WARN_UNINITIALIZED_AUTOS = YES_AGGRESSIVE;
				GCC_WARN_UNUSED_FUNCTION = YES;
				GCC_WARN_UNUSED_VARIABLE = YES;
				IPHONEOS_DEPLOYMENT_TARGET = 10.2;
				MTL_ENABLE_DEBUG_INFO = NO;
				SDKROOT = iphoneos;
				SWIFT_OPTIMIZATION_LEVEL = "-Owholemodule";
				TARGETED_DEVICE_FAMILY = "1,2";
				VALIDATE_PRODUCT = YES;
			};
			name = Release;
		};
		EEEBF3691E8031470078EFF9 /* Debug */ = {
			isa = XCBuildConfiguration;
			buildSettings = {
				ASSETCATALOG_COMPILER_APPICON_NAME = AppIcon;
				INFOPLIST_FILE = PoneyManager/Info.plist;
				LD_RUNPATH_SEARCH_PATHS = "$(inherited) @executable_path/Frameworks";
				PRODUCT_BUNDLE_IDENTIFIER = kek.PoneyManager;
				PRODUCT_NAME = "$(TARGET_NAME)";
				SWIFT_VERSION = 3.0;
			};
			name = Debug;
		};
		EEEBF36A1E8031470078EFF9 /* Release */ = {
			isa = XCBuildConfiguration;
			buildSettings = {
				ASSETCATALOG_COMPILER_APPICON_NAME = AppIcon;
				INFOPLIST_FILE = PoneyManager/Info.plist;
				LD_RUNPATH_SEARCH_PATHS = "$(inherited) @executable_path/Frameworks";
				PRODUCT_BUNDLE_IDENTIFIER = kek.PoneyManager;
				PRODUCT_NAME = "$(TARGET_NAME)";
				SWIFT_VERSION = 3.0;
			};
			name = Release;
		};
/* End XCBuildConfiguration section */

/* Begin XCConfigurationList section */
		EEEBF3511E8031460078EFF9 /* Build configuration list for PBXProject "PoneyManager" */ = {
			isa = XCConfigurationList;
			buildConfigurations = (
				EEEBF3661E8031470078EFF9 /* Debug */,
				EEEBF3671E8031470078EFF9 /* Release */,
			);
			defaultConfigurationIsVisible = 0;
			defaultConfigurationName = Release;
		};
		EEEBF3681E8031470078EFF9 /* Build configuration list for PBXNativeTarget "PoneyManager" */ = {
			isa = XCConfigurationList;
			buildConfigurations = (
				EEEBF3691E8031470078EFF9 /* Debug */,
				EEEBF36A1E8031470078EFF9 /* Release */,
			);
			defaultConfigurationIsVisible = 0;
			defaultConfigurationName = Release;
		};
/* End XCConfigurationList section */
	};
	rootObject = EEEBF34E1E8031460078EFF9 /* Project object */;
}
